
Microsoft Visual Studio Solution File, Format Version 12.00
# Visual Studio 14
VisualStudioVersion = 14.0.25123.0
MinimumVisualStudioVersion = 10.0.40219.1
Project("{FAE04EC0-301F-11D3-BF4B-00C04F79EFBC}") = "FeedBackRepositoryPattern.ORM", "FeedBackRepositoryPattern.ORM\FeedBackRepositoryPattern.ORM.csproj", "{D29E6CD3-B183-4D2C-ACCB-1B102F72DE79}"
EndProject
Project("{FAE04EC0-301F-11D3-BF4B-00C04F79EFBC}") = "FeedBackRepositoryPattern.Repository", "FeedBackRepositoryPattern.Repository\FeedBackRepositoryPattern.Repository.csproj", "{E656DEBC-E4E8-483C-96F5-F6AAE53A9636}"
EndProject
Project("{FAE04EC0-301F-11D3-BF4B-00C04F79EFBC}") = "FeedBackRepositoryPattern.DTO", "FeedBackRepositoryPattern.DTO\FeedBackRepositoryPattern.DTO.csproj", "{D9CA5CEA-B216-4271-ADD2-A03F752BB334}"
EndProject
Project("{FAE04EC0-301F-11D3-BF4B-00C04F79EFBC}") = "FeedBackRepositoryPattern.Service", "FeedBackRepositoryPattern.Service\FeedBackRepositoryPattern.Service.csproj", "{FFEBBD1A-2C66-4E6B-9496-95A8F2FB7DF4}"
EndProject
Global
	GlobalSection(SolutionConfigurationPlatforms) = preSolution
		Debug|Any CPU = Debug|Any CPU
		Release|Any CPU = Release|Any CPU
	EndGlobalSection
	GlobalSection(ProjectConfigurationPlatforms) = postSolution
		{D29E6CD3-B183-4D2C-ACCB-1B102F72DE79}.Debug|Any CPU.ActiveCfg = Debug|Any CPU
		{D29E6CD3-B183-4D2C-ACCB-1B102F72DE79}.Debug|Any CPU.Build.0 = Debug|Any CPU
		{D29E6CD3-B183-4D2C-ACCB-1B102F72DE79}.Release|Any CPU.ActiveCfg = Release|Any CPU
		{D29E6CD3-B183-4D2C-ACCB-1B102F72DE79}.Release|Any CPU.Build.0 = Release|Any CPU
		{E656DEBC-E4E8-483C-96F5-F6AAE53A9636}.Debug|Any CPU.ActiveCfg = Debug|Any CPU
		{E656DEBC-E4E8-483C-96F5-F6AAE53A9636}.Debug|Any CPU.Build.0 = Debug|Any CPU
		{E656DEBC-E4E8-483C-96F5-F6AAE53A9636}.Release|Any CPU.ActiveCfg = Release|Any CPU
		{E656DEBC-E4E8-483C-96F5-F6AAE53A9636}.Release|Any CPU.Build.0 = Release|Any CPU
		{D9CA5CEA-B216-4271-ADD2-A03F752BB334}.Debug|Any CPU.ActiveCfg = Debug|Any CPU
		{D9CA5CEA-B216-4271-ADD2-A03F752BB334}.Debug|Any CPU.Build.0 = Debug|Any CPU
		{D9CA5CEA-B216-4271-ADD2-A03F752BB334}.Release|Any CPU.ActiveCfg = Release|Any CPU
		{D9CA5CEA-B216-4271-ADD2-A03F752BB334}.Release|Any CPU.Build.0 = Release|Any CPU
		{FFEBBD1A-2C66-4E6B-9496-95A8F2FB7DF4}.Debug|Any CPU.ActiveCfg = Debug|Any CPU
		{FFEBBD1A-2C66-4E6B-9496-95A8F2FB7DF4}.Debug|Any CPU.Build.0 = Debug|Any CPU
		{FFEBBD1A-2C66-4E6B-9496-95A8F2FB7DF4}.Release|Any CPU.ActiveCfg = Release|Any CPU
		{FFEBBD1A-2C66-4E6B-9496-95A8F2FB7DF4}.Release|Any CPU.Build.0 = Release|Any CPU
	EndGlobalSection
	GlobalSection(SolutionProperties) = preSolution
		HideSolutionNode = FALSE
	EndGlobalSection
EndGlobal
